
Microsoft Visual Studio Solution File, Format Version 12.00
# Visual Studio Version 17
VisualStudioVersion = 17.2.32616.157
MinimumVisualStudioVersion = 10.0.40219.1
Project("{9A19103F-16F7-4668-BE54-9A1E7A4F7556}") = "StringBuilder", "StringBuilder\StringBuilder.csproj", "{BC75CB43-ABE7-4D33-AFA9-A67FC2A7CF57}"
EndProject
Project("{9A19103F-16F7-4668-BE54-9A1E7A4F7556}") = "Using", "Using\Using.csproj", "{819A0034-36F2-4610-813A-FEE721D0C1BD}"
EndProject
Project("{9A19103F-16F7-4668-BE54-9A1E7A4F7556}") = "AsyncAwait", "AsyncAwait\AsyncAwait.csproj", "{C2945313-747F-4A39-8F41-A592DDFF1A0A}"
EndProject
Project("{9A19103F-16F7-4668-BE54-9A1E7A4F7556}") = "Multithreading", "Multithreading\Multithreading.csproj", "{7E42294C-3A91-4035-985C-7B97257642E9}"
EndProject
Project("{2150E333-8FDC-42A3-9474-1A3956D46DE8}") = "async vs multithreading", "async vs multithreading", "{F089988D-47F8-4FC6-B71C-94D6B734CB19}"
EndProject
Project("{2150E333-8FDC-42A3-9474-1A3956D46DE8}") = "gRpc", "gRpc", "{45CA55FD-051D-4936-A90B-339A0E8AE829}"
EndProject
Project("{9A19103F-16F7-4668-BE54-9A1E7A4F7556}") = "GrpcGreet", "GrpcGreet\GrpcGreet.csproj", "{051D10E1-EB6D-4C76-8B2E-3053F74EB28F}"
EndProject
Project("{9A19103F-16F7-4668-BE54-9A1E7A4F7556}") = "GrpcClient", "GrpcClient\GrpcClient.csproj", "{288972A4-1AD0-4EA7-94F2-991B0B319F93}"
EndProject
Project("{2150E333-8FDC-42A3-9474-1A3956D46DE8}") = "DesignPatterns", "DesignPatterns", "{CC1799CE-EB91-46B8-9160-39B80679EC32}"
EndProject
Project("{9A19103F-16F7-4668-BE54-9A1E7A4F7556}") = "RetryPattern", "RetryPattern\RetryPattern.csproj", "{166F3728-DC78-429A-AB19-31FC3BA3A25C}"
EndProject
Project("{9A19103F-16F7-4668-BE54-9A1E7A4F7556}") = "CircuitBreakerPattern", "CircuitBreakerPattern\CircuitBreakerPattern.csproj", "{E8BCAE79-1EE3-403A-90C7-1D5BF4626D41}"
EndProject
Project("{2150E333-8FDC-42A3-9474-1A3956D46DE8}") = "Healthcheck", "Healthcheck", "{007D4B2E-25CB-48AC-B367-A44924F951CE}"
EndProject
Project("{9A19103F-16F7-4668-BE54-9A1E7A4F7556}") = "Web", "Healthcheck\Web\Web.csproj", "{2A652B23-BB16-4C4F-BA87-D269D21945A8}"
EndProject
Project("{9A19103F-16F7-4668-BE54-9A1E7A4F7556}") = "HealthChecksSample", "Healthcheck\HealthChecksSample\HealthChecksSample.csproj", "{8A65A925-3C59-48EA-A3F7-B8247D8161F4}"
EndProject
Project("{9A19103F-16F7-4668-BE54-9A1E7A4F7556}") = "AdapterPattern", "DesignPatterns\AdapterPattern\AdapterPattern.csproj", "{DA3F67BB-C15F-419D-9F9D-00C9FE2FA0B8}"
EndProject
Project("{2150E333-8FDC-42A3-9474-1A3956D46DE8}") = "Technic", "Technic", "{30C7DB87-9160-4179-82C3-A7E47CF7572E}"
EndProject
Project("{2150E333-8FDC-42A3-9474-1A3956D46DE8}") = "Microservices", "Microservices", "{60655271-5C4C-45FB-B33B-A3536528AE98}"
EndProject
Project("{9A19103F-16F7-4668-BE54-9A1E7A4F7556}") = "Aggregate", "Microservices\Aggregate\Aggregate.csproj", "{82FFEF2A-4D62-4A75-8CAE-50A32D464A53}"
EndProject
Project("{2150E333-8FDC-42A3-9474-1A3956D46DE8}") = "Reactive", "Reactive", "{3F660D8B-5030-472D-92D8-97476E886B9E}"
EndProject
Project("{9A19103F-16F7-4668-BE54-9A1E7A4F7556}") = "StandardApp", "Reactive\StandardApp\StandardApp.csproj", "{B79B91E6-A452-454A-9C58-7D0561CFDA92}"
EndProject
Project("{9A19103F-16F7-4668-BE54-9A1E7A4F7556}") = "ReactiveJetFighter", "Reactive\ReactiveJetFighter\ReactiveJetFighter.csproj", "{34BDE233-EC6C-41CD-B9F9-DD13C1F4487E}"
EndProject
Project("{9A19103F-16F7-4668-BE54-9A1E7A4F7556}") = "ReactiveNumbers", "Reactive\ReactiveNumbers\ReactiveNumbers.csproj", "{36468A07-8816-4271-84D1-1E72BC02A692}"
EndProject
Project("{9A19103F-16F7-4668-BE54-9A1E7A4F7556}") = "MyChat", "Reactive\MyChat\MyChat.csproj", "{0666E653-F0E8-43AB-8B35-684E8436BF57}"
EndProject
Project("{9A19103F-16F7-4668-BE54-9A1E7A4F7556}") = "RxWithController", "Reactive\RxWithController\RxWithController.csproj", "{8C94D782-C096-47B9-B41C-50AED7E2EF37}"
EndProject
Project("{9A19103F-16F7-4668-BE54-9A1E7A4F7556}") = "SimpleReactive", "Reactive\SimpleReactive\SimpleReactive.csproj", "{CD32FFFB-FC21-4561-BB52-3ABDD1BFC04E}"
EndProject
Project("{2150E333-8FDC-42A3-9474-1A3956D46DE8}") = "Rx.NetinAction", "Rx.NetinAction", "{692A6188-9CB1-4E22-ADE0-F002108E9C2A}"
EndProject
Project("{9A19103F-16F7-4668-BE54-9A1E7A4F7556}") = "StockTickerApp", "Reactive\Rx.netInAction\StockTickerApp\StockTickerApp.csproj", "{0EC7A5E5-C025-4C37-9D26-1231708B8979}"
EndProject
Project("{FAE04EC0-301F-11D3-BF4B-00C04F79EFBC}") = "StrategyPattern", "Reactive\Rx.netInAction\StrategyPattern\StrategyPattern.csproj", "{6E3F0260-885A-46A7-96D9-D7E837BE3A90}"
EndProject
Project("{FAE04EC0-301F-11D3-BF4B-00C04F79EFBC}") = "LazyLinq", "Reactive\Rx.netInAction\LazyLinq\LazyLinq.csproj", "{C4442C56-E6E6-40D0-A13C-F921CAA114F5}"
EndProject
Project("{FAE04EC0-301F-11D3-BF4B-00C04F79EFBC}") = "YieldReturn", "Reactive\Rx.netInAction\YieldReturn\YieldReturn.csproj", "{9E664D55-BE97-4901-8D68-9FE0C660D42C}"
EndProject
Global
	GlobalSection(SolutionConfigurationPlatforms) = preSolution
		Debug|Any CPU = Debug|Any CPU
		Release|Any CPU = Release|Any CPU
	EndGlobalSection
	GlobalSection(ProjectConfigurationPlatforms) = postSolution
		{BC75CB43-ABE7-4D33-AFA9-A67FC2A7CF57}.Debug|Any CPU.ActiveCfg = Debug|Any CPU
		{BC75CB43-ABE7-4D33-AFA9-A67FC2A7CF57}.Debug|Any CPU.Build.0 = Debug|Any CPU
		{BC75CB43-ABE7-4D33-AFA9-A67FC2A7CF57}.Release|Any CPU.ActiveCfg = Release|Any CPU
		{BC75CB43-ABE7-4D33-AFA9-A67FC2A7CF57}.Release|Any CPU.Build.0 = Release|Any CPU
		{819A0034-36F2-4610-813A-FEE721D0C1BD}.Debug|Any CPU.ActiveCfg = Debug|Any CPU
		{819A0034-36F2-4610-813A-FEE721D0C1BD}.Debug|Any CPU.Build.0 = Debug|Any CPU
		{819A0034-36F2-4610-813A-FEE721D0C1BD}.Release|Any CPU.ActiveCfg = Release|Any CPU
		{819A0034-36F2-4610-813A-FEE721D0C1BD}.Release|Any CPU.Build.0 = Release|Any CPU
		{C2945313-747F-4A39-8F41-A592DDFF1A0A}.Debug|Any CPU.ActiveCfg = Debug|Any CPU
		{C2945313-747F-4A39-8F41-A592DDFF1A0A}.Debug|Any CPU.Build.0 = Debug|Any CPU
		{C2945313-747F-4A39-8F41-A592DDFF1A0A}.Release|Any CPU.ActiveCfg = Release|Any CPU
		{C2945313-747F-4A39-8F41-A592DDFF1A0A}.Release|Any CPU.Build.0 = Release|Any CPU
		{7E42294C-3A91-4035-985C-7B97257642E9}.Debug|Any CPU.ActiveCfg = Debug|Any CPU
		{7E42294C-3A91-4035-985C-7B97257642E9}.Debug|Any CPU.Build.0 = Debug|Any CPU
		{7E42294C-3A91-4035-985C-7B97257642E9}.Release|Any CPU.ActiveCfg = Release|Any CPU
		{7E42294C-3A91-4035-985C-7B97257642E9}.Release|Any CPU.Build.0 = Release|Any CPU
		{051D10E1-EB6D-4C76-8B2E-3053F74EB28F}.Debug|Any CPU.ActiveCfg = Debug|Any CPU
		{051D10E1-EB6D-4C76-8B2E-3053F74EB28F}.Debug|Any CPU.Build.0 = Debug|Any CPU
		{051D10E1-EB6D-4C76-8B2E-3053F74EB28F}.Release|Any CPU.ActiveCfg = Release|Any CPU
		{051D10E1-EB6D-4C76-8B2E-3053F74EB28F}.Release|Any CPU.Build.0 = Release|Any CPU
		{288972A4-1AD0-4EA7-94F2-991B0B319F93}.Debug|Any CPU.ActiveCfg = Debug|Any CPU
		{288972A4-1AD0-4EA7-94F2-991B0B319F93}.Debug|Any CPU.Build.0 = Debug|Any CPU
		{288972A4-1AD0-4EA7-94F2-991B0B319F93}.Release|Any CPU.ActiveCfg = Release|Any CPU
		{288972A4-1AD0-4EA7-94F2-991B0B319F93}.Release|Any CPU.Build.0 = Release|Any CPU
		{166F3728-DC78-429A-AB19-31FC3BA3A25C}.Debug|Any CPU.ActiveCfg = Debug|Any CPU
		{166F3728-DC78-429A-AB19-31FC3BA3A25C}.Debug|Any CPU.Build.0 = Debug|Any CPU
		{166F3728-DC78-429A-AB19-31FC3BA3A25C}.Release|Any CPU.ActiveCfg = Release|Any CPU
		{166F3728-DC78-429A-AB19-31FC3BA3A25C}.Release|Any CPU.Build.0 = Release|Any CPU
		{E8BCAE79-1EE3-403A-90C7-1D5BF4626D41}.Debug|Any CPU.ActiveCfg = Debug|Any CPU
		{E8BCAE79-1EE3-403A-90C7-1D5BF4626D41}.Debug|Any CPU.Build.0 = Debug|Any CPU
		{E8BCAE79-1EE3-403A-90C7-1D5BF4626D41}.Release|Any CPU.ActiveCfg = Release|Any CPU
		{E8BCAE79-1EE3-403A-90C7-1D5BF4626D41}.Release|Any CPU.Build.0 = Release|Any CPU
		{2A652B23-BB16-4C4F-BA87-D269D21945A8}.Debug|Any CPU.ActiveCfg = Debug|Any CPU
		{2A652B23-BB16-4C4F-BA87-D269D21945A8}.Debug|Any CPU.Build.0 = Debug|Any CPU
		{2A652B23-BB16-4C4F-BA87-D269D21945A8}.Release|Any CPU.ActiveCfg = Release|Any CPU
		{2A652B23-BB16-4C4F-BA87-D269D21945A8}.Release|Any CPU.Build.0 = Release|Any CPU
		{8A65A925-3C59-48EA-A3F7-B8247D8161F4}.Debug|Any CPU.ActiveCfg = Debug|Any CPU
		{8A65A925-3C59-48EA-A3F7-B8247D8161F4}.Debug|Any CPU.Build.0 = Debug|Any CPU
		{8A65A925-3C59-48EA-A3F7-B8247D8161F4}.Release|Any CPU.ActiveCfg = Release|Any CPU
		{8A65A925-3C59-48EA-A3F7-B8247D8161F4}.Release|Any CPU.Build.0 = Release|Any CPU
		{DA3F67BB-C15F-419D-9F9D-00C9FE2FA0B8}.Debug|Any CPU.ActiveCfg = Debug|Any CPU
		{DA3F67BB-C15F-419D-9F9D-00C9FE2FA0B8}.Debug|Any CPU.Build.0 = Debug|Any CPU
		{DA3F67BB-C15F-419D-9F9D-00C9FE2FA0B8}.Release|Any CPU.ActiveCfg = Release|Any CPU
		{DA3F67BB-C15F-419D-9F9D-00C9FE2FA0B8}.Release|Any CPU.Build.0 = Release|Any CPU
		{82FFEF2A-4D62-4A75-8CAE-50A32D464A53}.Debug|Any CPU.ActiveCfg = Debug|Any CPU
		{82FFEF2A-4D62-4A75-8CAE-50A32D464A53}.Release|Any CPU.ActiveCfg = Release|Any CPU
		{82FFEF2A-4D62-4A75-8CAE-50A32D464A53}.Release|Any CPU.Build.0 = Release|Any CPU
		{B79B91E6-A452-454A-9C58-7D0561CFDA92}.Debug|Any CPU.ActiveCfg = Debug|Any CPU
		{B79B91E6-A452-454A-9C58-7D0561CFDA92}.Debug|Any CPU.Build.0 = Debug|Any CPU
		{B79B91E6-A452-454A-9C58-7D0561CFDA92}.Release|Any CPU.ActiveCfg = Release|Any CPU
		{B79B91E6-A452-454A-9C58-7D0561CFDA92}.Release|Any CPU.Build.0 = Release|Any CPU
		{34BDE233-EC6C-41CD-B9F9-DD13C1F4487E}.Debug|Any CPU.ActiveCfg = Debug|Any CPU
		{34BDE233-EC6C-41CD-B9F9-DD13C1F4487E}.Debug|Any CPU.Build.0 = Debug|Any CPU
		{34BDE233-EC6C-41CD-B9F9-DD13C1F4487E}.Release|Any CPU.ActiveCfg = Release|Any CPU
		{34BDE233-EC6C-41CD-B9F9-DD13C1F4487E}.Release|Any CPU.Build.0 = Release|Any CPU
		{36468A07-8816-4271-84D1-1E72BC02A692}.Debug|Any CPU.ActiveCfg = Debug|Any CPU
		{36468A07-8816-4271-84D1-1E72BC02A692}.Debug|Any CPU.Build.0 = Debug|Any CPU
		{36468A07-8816-4271-84D1-1E72BC02A692}.Release|Any CPU.ActiveCfg = Release|Any CPU
		{36468A07-8816-4271-84D1-1E72BC02A692}.Release|Any CPU.Build.0 = Release|Any CPU
		{0666E653-F0E8-43AB-8B35-684E8436BF57}.Debug|Any CPU.ActiveCfg = Debug|Any CPU
		{0666E653-F0E8-43AB-8B35-684E8436BF57}.Debug|Any CPU.Build.0 = Debug|Any CPU
		{0666E653-F0E8-43AB-8B35-684E8436BF57}.Release|Any CPU.ActiveCfg = Release|Any CPU
		{0666E653-F0E8-43AB-8B35-684E8436BF57}.Release|Any CPU.Build.0 = Release|Any CPU
		{8C94D782-C096-47B9-B41C-50AED7E2EF37}.Debug|Any CPU.ActiveCfg = Debug|Any CPU
		{8C94D782-C096-47B9-B41C-50AED7E2EF37}.Debug|Any CPU.Build.0 = Debug|Any CPU
		{8C94D782-C096-47B9-B41C-50AED7E2EF37}.Release|Any CPU.ActiveCfg = Release|Any CPU
		{8C94D782-C096-47B9-B41C-50AED7E2EF37}.Release|Any CPU.Build.0 = Release|Any CPU
		{CD32FFFB-FC21-4561-BB52-3ABDD1BFC04E}.Debug|Any CPU.ActiveCfg = Debug|Any CPU
		{CD32FFFB-FC21-4561-BB52-3ABDD1BFC04E}.Debug|Any CPU.Build.0 = Debug|Any CPU
		{CD32FFFB-FC21-4561-BB52-3ABDD1BFC04E}.Release|Any CPU.ActiveCfg = Release|Any CPU
		{CD32FFFB-FC21-4561-BB52-3ABDD1BFC04E}.Release|Any CPU.Build.0 = Release|Any CPU
		{0EC7A5E5-C025-4C37-9D26-1231708B8979}.Debug|Any CPU.ActiveCfg = Debug|Any CPU
		{0EC7A5E5-C025-4C37-9D26-1231708B8979}.Debug|Any CPU.Build.0 = Debug|Any CPU
		{0EC7A5E5-C025-4C37-9D26-1231708B8979}.Release|Any CPU.ActiveCfg = Release|Any CPU
		{0EC7A5E5-C025-4C37-9D26-1231708B8979}.Release|Any CPU.Build.0 = Release|Any CPU
		{6E3F0260-885A-46A7-96D9-D7E837BE3A90}.Debug|Any CPU.ActiveCfg = Debug|Any CPU
		{6E3F0260-885A-46A7-96D9-D7E837BE3A90}.Debug|Any CPU.Build.0 = Debug|Any CPU
		{6E3F0260-885A-46A7-96D9-D7E837BE3A90}.Release|Any CPU.ActiveCfg = Release|Any CPU
		{6E3F0260-885A-46A7-96D9-D7E837BE3A90}.Release|Any CPU.Build.0 = Release|Any CPU
		{C4442C56-E6E6-40D0-A13C-F921CAA114F5}.Debug|Any CPU.ActiveCfg = Debug|Any CPU
		{C4442C56-E6E6-40D0-A13C-F921CAA114F5}.Debug|Any CPU.Build.0 = Debug|Any CPU
		{C4442C56-E6E6-40D0-A13C-F921CAA114F5}.Release|Any CPU.ActiveCfg = Release|Any CPU
		{C4442C56-E6E6-40D0-A13C-F921CAA114F5}.Release|Any CPU.Build.0 = Release|Any CPU
		{9E664D55-BE97-4901-8D68-9FE0C660D42C}.Debug|Any CPU.ActiveCfg = Debug|Any CPU
		{9E664D55-BE97-4901-8D68-9FE0C660D42C}.Debug|Any CPU.Build.0 = Debug|Any CPU
		{9E664D55-BE97-4901-8D68-9FE0C660D42C}.Release|Any CPU.ActiveCfg = Release|Any CPU
		{9E664D55-BE97-4901-8D68-9FE0C660D42C}.Release|Any CPU.Build.0 = Release|Any CPU
	EndGlobalSection
	GlobalSection(SolutionProperties) = preSolution
		HideSolutionNode = FALSE
	EndGlobalSection
	GlobalSection(NestedProjects) = preSolution
		{BC75CB43-ABE7-4D33-AFA9-A67FC2A7CF57} = {30C7DB87-9160-4179-82C3-A7E47CF7572E}
		{819A0034-36F2-4610-813A-FEE721D0C1BD} = {30C7DB87-9160-4179-82C3-A7E47CF7572E}
		{C2945313-747F-4A39-8F41-A592DDFF1A0A} = {F089988D-47F8-4FC6-B71C-94D6B734CB19}
		{7E42294C-3A91-4035-985C-7B97257642E9} = {F089988D-47F8-4FC6-B71C-94D6B734CB19}
		{051D10E1-EB6D-4C76-8B2E-3053F74EB28F} = {45CA55FD-051D-4936-A90B-339A0E8AE829}
		{288972A4-1AD0-4EA7-94F2-991B0B319F93} = {45CA55FD-051D-4936-A90B-339A0E8AE829}
		{166F3728-DC78-429A-AB19-31FC3BA3A25C} = {CC1799CE-EB91-46B8-9160-39B80679EC32}
		{E8BCAE79-1EE3-403A-90C7-1D5BF4626D41} = {CC1799CE-EB91-46B8-9160-39B80679EC32}
		{2A652B23-BB16-4C4F-BA87-D269D21945A8} = {007D4B2E-25CB-48AC-B367-A44924F951CE}
		{8A65A925-3C59-48EA-A3F7-B8247D8161F4} = {007D4B2E-25CB-48AC-B367-A44924F951CE}
		{DA3F67BB-C15F-419D-9F9D-00C9FE2FA0B8} = {CC1799CE-EB91-46B8-9160-39B80679EC32}
		{82FFEF2A-4D62-4A75-8CAE-50A32D464A53} = {60655271-5C4C-45FB-B33B-A3536528AE98}
		{B79B91E6-A452-454A-9C58-7D0561CFDA92} = {3F660D8B-5030-472D-92D8-97476E886B9E}
		{34BDE233-EC6C-41CD-B9F9-DD13C1F4487E} = {3F660D8B-5030-472D-92D8-97476E886B9E}
		{36468A07-8816-4271-84D1-1E72BC02A692} = {3F660D8B-5030-472D-92D8-97476E886B9E}
		{0666E653-F0E8-43AB-8B35-684E8436BF57} = {3F660D8B-5030-472D-92D8-97476E886B9E}
		{8C94D782-C096-47B9-B41C-50AED7E2EF37} = {3F660D8B-5030-472D-92D8-97476E886B9E}
		{CD32FFFB-FC21-4561-BB52-3ABDD1BFC04E} = {3F660D8B-5030-472D-92D8-97476E886B9E}
		{692A6188-9CB1-4E22-ADE0-F002108E9C2A} = {3F660D8B-5030-472D-92D8-97476E886B9E}
		{0EC7A5E5-C025-4C37-9D26-1231708B8979} = {692A6188-9CB1-4E22-ADE0-F002108E9C2A}
		{6E3F0260-885A-46A7-96D9-D7E837BE3A90} = {692A6188-9CB1-4E22-ADE0-F002108E9C2A}
		{C4442C56-E6E6-40D0-A13C-F921CAA114F5} = {692A6188-9CB1-4E22-ADE0-F002108E9C2A}
		{9E664D55-BE97-4901-8D68-9FE0C660D42C} = {692A6188-9CB1-4E22-ADE0-F002108E9C2A}
	EndGlobalSection
	GlobalSection(ExtensibilityGlobals) = postSolution
		SolutionGuid = {107E1050-390F-45B2-BDC0-F171DF26A5F0}
	EndGlobalSection
EndGlobal
